
Microsoft Visual Studio Solution File, Format Version 12.00
# Visual Studio Version 16
VisualStudioVersion = 16.0.30204.135
MinimumVisualStudioVersion = 10.0.40219.1
Project("{9A19103F-16F7-4668-BE54-9A1E7A4F7556}") = "String And Text", "String And Text.csproj", "{6F48E91C-D25E-4F05-95D9-A1F540B73F79}"
EndProject
Project("{9A19103F-16F7-4668-BE54-9A1E7A4F7556}") = "repeat string", "..\repeat string\repeat string.csproj", "{F8F62EB9-603D-4709-ADAA-270E44689B7A}"
EndProject
Project("{9A19103F-16F7-4668-BE54-9A1E7A4F7556}") = "1. Reverse Strings", "..\1. Reverse Strings\1. Reverse Strings.csproj", "{27215CA9-9DCA-41EE-8D8B-58BB3E3ED6E2}"
EndProject
Project("{9A19103F-16F7-4668-BE54-9A1E7A4F7556}") = "3. Substring", "..\3. Substring\3. Substring.csproj", "{1C014281-10BC-4FEC-A240-6C90E1A2655B}"
EndProject
Project("{9A19103F-16F7-4668-BE54-9A1E7A4F7556}") = "4. Text Filter", "..\4. Text Filter\4. Text Filter.csproj", "{BCA249DF-4161-41BC-861E-F0A25C430074}"
EndProject
Project("{9A19103F-16F7-4668-BE54-9A1E7A4F7556}") = "5. Digits, Letters and Other", "..\5. Digits, Letters and Other\5. Digits, Letters and Other.csproj", "{FDB7183B-9E51-4ABD-8EED-BEF56970641C}"
EndProject
Project("{9A19103F-16F7-4668-BE54-9A1E7A4F7556}") = "StringBullder", "..\ConsoleApp1\StringBullder.csproj", "{F8EB287B-F09E-4056-B34E-6032DDA69396}"
EndProject
Project("{9A19103F-16F7-4668-BE54-9A1E7A4F7556}") = "01. Valid Usernames", "..\01. Valid Usernames\01. Valid Usernames.csproj", "{2333A479-DFEC-475C-970A-EEAFC89362F4}"
EndProject
Project("{9A19103F-16F7-4668-BE54-9A1E7A4F7556}") = "3.  Extract File", "..\3.  Extract File\3.  Extract File.csproj", "{D931D274-53C8-4107-AC34-B28BB93BFB0C}"
EndProject
Project("{FAE04EC0-301F-11D3-BF4B-00C04F79EFBC}") = "2.  Character Multiplier", "..\2.  Character Multiplier\2.  Character Multiplier.csproj", "{ADEE4A3E-EBD6-4983-B43E-E57B4236CBDB}"
EndProject
Project("{FAE04EC0-301F-11D3-BF4B-00C04F79EFBC}") = "4.  Caesar Cipher", "..\4.  Caesar Cipher\4.  Caesar Cipher.csproj", "{4DC5A2E7-8622-48B3-AD45-6FFD6414AEC2}"
EndProject
Project("{FAE04EC0-301F-11D3-BF4B-00C04F79EFBC}") = "5.  Multiply Big Number", "..\5.  Multiply Big Number\5.  Multiply Big Number.csproj", "{893B5F12-F2B3-4DEF-9172-B697A3EE4451}"
EndProject
Global
	GlobalSection(SolutionConfigurationPlatforms) = preSolution
		Debug|Any CPU = Debug|Any CPU
		Release|Any CPU = Release|Any CPU
	EndGlobalSection
	GlobalSection(ProjectConfigurationPlatforms) = postSolution
		{6F48E91C-D25E-4F05-95D9-A1F540B73F79}.Debug|Any CPU.ActiveCfg = Debug|Any CPU
		{6F48E91C-D25E-4F05-95D9-A1F540B73F79}.Debug|Any CPU.Build.0 = Debug|Any CPU
		{6F48E91C-D25E-4F05-95D9-A1F540B73F79}.Release|Any CPU.ActiveCfg = Release|Any CPU
		{6F48E91C-D25E-4F05-95D9-A1F540B73F79}.Release|Any CPU.Build.0 = Release|Any CPU
		{F8F62EB9-603D-4709-ADAA-270E44689B7A}.Debug|Any CPU.ActiveCfg = Debug|Any CPU
		{F8F62EB9-603D-4709-ADAA-270E44689B7A}.Debug|Any CPU.Build.0 = Debug|Any CPU
		{F8F62EB9-603D-4709-ADAA-270E44689B7A}.Release|Any CPU.ActiveCfg = Release|Any CPU
		{F8F62EB9-603D-4709-ADAA-270E44689B7A}.Release|Any CPU.Build.0 = Release|Any CPU
		{27215CA9-9DCA-41EE-8D8B-58BB3E3ED6E2}.Debug|Any CPU.ActiveCfg = Debug|Any CPU
		{27215CA9-9DCA-41EE-8D8B-58BB3E3ED6E2}.Debug|Any CPU.Build.0 = Debug|Any CPU
		{27215CA9-9DCA-41EE-8D8B-58BB3E3ED6E2}.Release|Any CPU.ActiveCfg = Release|Any CPU
		{27215CA9-9DCA-41EE-8D8B-58BB3E3ED6E2}.Release|Any CPU.Build.0 = Release|Any CPU
		{1C014281-10BC-4FEC-A240-6C90E1A2655B}.Debug|Any CPU.ActiveCfg = Debug|Any CPU
		{1C014281-10BC-4FEC-A240-6C90E1A2655B}.Debug|Any CPU.Build.0 = Debug|Any CPU
		{1C014281-10BC-4FEC-A240-6C90E1A2655B}.Release|Any CPU.ActiveCfg = Release|Any CPU
		{1C014281-10BC-4FEC-A240-6C90E1A2655B}.Release|Any CPU.Build.0 = Release|Any CPU
		{BCA249DF-4161-41BC-861E-F0A25C430074}.Debug|Any CPU.ActiveCfg = Debug|Any CPU
		{BCA249DF-4161-41BC-861E-F0A25C430074}.Debug|Any CPU.Build.0 = Debug|Any CPU
		{BCA249DF-4161-41BC-861E-F0A25C430074}.Release|Any CPU.ActiveCfg = Release|Any CPU
		{BCA249DF-4161-41BC-861E-F0A25C430074}.Release|Any CPU.Build.0 = Release|Any CPU
		{FDB7183B-9E51-4ABD-8EED-BEF56970641C}.Debug|Any CPU.ActiveCfg = Debug|Any CPU
		{FDB7183B-9E51-4ABD-8EED-BEF56970641C}.Debug|Any CPU.Build.0 = Debug|Any CPU
		{FDB7183B-9E51-4ABD-8EED-BEF56970641C}.Release|Any CPU.ActiveCfg = Release|Any CPU
		{FDB7183B-9E51-4ABD-8EED-BEF56970641C}.Release|Any CPU.Build.0 = Release|Any CPU
		{F8EB287B-F09E-4056-B34E-6032DDA69396}.Debug|Any CPU.ActiveCfg = Debug|Any CPU
		{F8EB287B-F09E-4056-B34E-6032DDA69396}.Debug|Any CPU.Build.0 = Debug|Any CPU
		{F8EB287B-F09E-4056-B34E-6032DDA69396}.Release|Any CPU.ActiveCfg = Release|Any CPU
		{F8EB287B-F09E-4056-B34E-6032DDA69396}.Release|Any CPU.Build.0 = Release|Any CPU
		{2333A479-DFEC-475C-970A-EEAFC89362F4}.Debug|Any CPU.ActiveCfg = Debug|Any CPU
		{2333A479-DFEC-475C-970A-EEAFC89362F4}.Debug|Any CPU.Build.0 = Debug|Any CPU
		{2333A479-DFEC-475C-970A-EEAFC89362F4}.Release|Any CPU.ActiveCfg = Release|Any CPU
		{2333A479-DFEC-475C-970A-EEAFC89362F4}.Release|Any CPU.Build.0 = Release|Any CPU
		{D931D274-53C8-4107-AC34-B28BB93BFB0C}.Debug|Any CPU.ActiveCfg = Debug|Any CPU
		{D931D274-53C8-4107-AC34-B28BB93BFB0C}.Debug|Any CPU.Build.0 = Debug|Any CPU
		{D931D274-53C8-4107-AC34-B28BB93BFB0C}.Release|Any CPU.ActiveCfg = Release|Any CPU
		{D931D274-53C8-4107-AC34-B28BB93BFB0C}.Release|Any CPU.Build.0 = Release|Any CPU
		{ADEE4A3E-EBD6-4983-B43E-E57B4236CBDB}.Debug|Any CPU.ActiveCfg = Debug|Any CPU
		{ADEE4A3E-EBD6-4983-B43E-E57B4236CBDB}.Debug|Any CPU.Build.0 = Debug|Any CPU
		{ADEE4A3E-EBD6-4983-B43E-E57B4236CBDB}.Release|Any CPU.ActiveCfg = Release|Any CPU
		{ADEE4A3E-EBD6-4983-B43E-E57B4236CBDB}.Release|Any CPU.Build.0 = Release|Any CPU
		{4DC5A2E7-8622-48B3-AD45-6FFD6414AEC2}.Debug|Any CPU.ActiveCfg = Debug|Any CPU
		{4DC5A2E7-8622-48B3-AD45-6FFD6414AEC2}.Debug|Any CPU.Build.0 = Debug|Any CPU
		{4DC5A2E7-8622-48B3-AD45-6FFD6414AEC2}.Release|Any CPU.ActiveCfg = Release|Any CPU
		{4DC5A2E7-8622-48B3-AD45-6FFD6414AEC2}.Release|Any CPU.Build.0 = Release|Any CPU
		{893B5F12-F2B3-4DEF-9172-B697A3EE4451}.Debug|Any CPU.ActiveCfg = Debug|Any CPU
		{893B5F12-F2B3-4DEF-9172-B697A3EE4451}.Debug|Any CPU.Build.0 = Debug|Any CPU
		{893B5F12-F2B3-4DEF-9172-B697A3EE4451}.Release|Any CPU.ActiveCfg = Release|Any CPU
		{893B5F12-F2B3-4DEF-9172-B697A3EE4451}.Release|Any CPU.Build.0 = Release|Any CPU
	EndGlobalSection
	GlobalSection(SolutionProperties) = preSolution
		HideSolutionNode = FALSE
	EndGlobalSection
	GlobalSection(ExtensibilityGlobals) = postSolution
		SolutionGuid = {BD10A1C2-494F-4724-BE3E-2184E030B72B}
	EndGlobalSection
EndGlobal
