
Microsoft Visual Studio Solution File, Format Version 12.00
# Visual Studio Version 16
VisualStudioVersion = 16.0.30011.22
MinimumVisualStudioVersion = 10.0.40219.1
Project("{9A19103F-16F7-4668-BE54-9A1E7A4F7556}") = "1. Smallest of Three Numbers", "1. Smallest of Three Numbers.csproj", "{2B69BAE1-C4A0-4C01-91D2-9AECB8CF5B63}"
EndProject
Project("{FAE04EC0-301F-11D3-BF4B-00C04F79EFBC}") = "1Smallest of Three Numbers", "..\1Smallest of Three Numbers\1Smallest of Three Numbers.csproj", "{5A6CE7A5-A336-4C08-81B0-57A303BAC8FD}"
EndProject
Global
	GlobalSection(SolutionConfigurationPlatforms) = preSolution
		Debug|Any CPU = Debug|Any CPU
		Release|Any CPU = Release|Any CPU
	EndGlobalSection
	GlobalSection(ProjectConfigurationPlatforms) = postSolution
		{2B69BAE1-C4A0-4C01-91D2-9AECB8CF5B63}.Debug|Any CPU.ActiveCfg = Debug|Any CPU
		{2B69BAE1-C4A0-4C01-91D2-9AECB8CF5B63}.Debug|Any CPU.Build.0 = Debug|Any CPU
		{2B69BAE1-C4A0-4C01-91D2-9AECB8CF5B63}.Release|Any CPU.ActiveCfg = Release|Any CPU
		{2B69BAE1-C4A0-4C01-91D2-9AECB8CF5B63}.Release|Any CPU.Build.0 = Release|Any CPU
		{5A6CE7A5-A336-4C08-81B0-57A303BAC8FD}.Debug|Any CPU.ActiveCfg = Debug|Any CPU
		{5A6CE7A5-A336-4C08-81B0-57A303BAC8FD}.Debug|Any CPU.Build.0 = Debug|Any CPU
		{5A6CE7A5-A336-4C08-81B0-57A303BAC8FD}.Release|Any CPU.ActiveCfg = Release|Any CPU
		{5A6CE7A5-A336-4C08-81B0-57A303BAC8FD}.Release|Any CPU.Build.0 = Release|Any CPU
	EndGlobalSection
	GlobalSection(SolutionProperties) = preSolution
		HideSolutionNode = FALSE
	EndGlobalSection
	GlobalSection(ExtensibilityGlobals) = postSolution
		SolutionGuid = {4B26F8F1-E27A-4D3F-878C-1B72D7155442}
	EndGlobalSection
EndGlobal
