
Microsoft Visual Studio Solution File, Format Version 12.00
# Visual Studio Version 16
VisualStudioVersion = 16.0.30011.22
MinimumVisualStudioVersion = 10.0.40219.1
Project("{9A19103F-16F7-4668-BE54-9A1E7A4F7556}") = "Supplies for School", "moreExersizes\Supplies for School.csproj", "{7071A11C-B041-4BCF-AE07-03DB50F086CF}"
EndProject
Project("{9A19103F-16F7-4668-BE54-9A1E7A4F7556}") = "MountainRun", "MountainRun\MountainRun.csproj", "{2E3DE279-5765-4A60-AE04-4593A2EF838C}"
EndProject
Project("{9A19103F-16F7-4668-BE54-9A1E7A4F7556}") = "FitnessCard", "FitnessCard\FitnessCard.csproj", "{02A57497-CA54-46B2-9121-26654CD21051}"
EndProject
Project("{FAE04EC0-301F-11D3-BF4B-00C04F79EFBC}") = "Food for Pets", "Food for Pets\Food for Pets.csproj", "{E98934EF-5BA6-4742-97B3-CDB535A73ED6}"
EndProject
Project("{FAE04EC0-301F-11D3-BF4B-00C04F79EFBC}") = "test", "test\test.csproj", "{027EF5D8-88F2-4A14-95E7-0D90E3D7801B}"
EndProject
Global
	GlobalSection(SolutionConfigurationPlatforms) = preSolution
		Debug|Any CPU = Debug|Any CPU
		Release|Any CPU = Release|Any CPU
	EndGlobalSection
	GlobalSection(ProjectConfigurationPlatforms) = postSolution
		{7071A11C-B041-4BCF-AE07-03DB50F086CF}.Debug|Any CPU.ActiveCfg = Debug|Any CPU
		{7071A11C-B041-4BCF-AE07-03DB50F086CF}.Debug|Any CPU.Build.0 = Debug|Any CPU
		{7071A11C-B041-4BCF-AE07-03DB50F086CF}.Release|Any CPU.ActiveCfg = Release|Any CPU
		{7071A11C-B041-4BCF-AE07-03DB50F086CF}.Release|Any CPU.Build.0 = Release|Any CPU
		{2E3DE279-5765-4A60-AE04-4593A2EF838C}.Debug|Any CPU.ActiveCfg = Debug|Any CPU
		{2E3DE279-5765-4A60-AE04-4593A2EF838C}.Debug|Any CPU.Build.0 = Debug|Any CPU
		{2E3DE279-5765-4A60-AE04-4593A2EF838C}.Release|Any CPU.ActiveCfg = Release|Any CPU
		{2E3DE279-5765-4A60-AE04-4593A2EF838C}.Release|Any CPU.Build.0 = Release|Any CPU
		{02A57497-CA54-46B2-9121-26654CD21051}.Debug|Any CPU.ActiveCfg = Debug|Any CPU
		{02A57497-CA54-46B2-9121-26654CD21051}.Debug|Any CPU.Build.0 = Debug|Any CPU
		{02A57497-CA54-46B2-9121-26654CD21051}.Release|Any CPU.ActiveCfg = Release|Any CPU
		{02A57497-CA54-46B2-9121-26654CD21051}.Release|Any CPU.Build.0 = Release|Any CPU
		{E98934EF-5BA6-4742-97B3-CDB535A73ED6}.Debug|Any CPU.ActiveCfg = Debug|Any CPU
		{E98934EF-5BA6-4742-97B3-CDB535A73ED6}.Debug|Any CPU.Build.0 = Debug|Any CPU
		{E98934EF-5BA6-4742-97B3-CDB535A73ED6}.Release|Any CPU.ActiveCfg = Release|Any CPU
		{E98934EF-5BA6-4742-97B3-CDB535A73ED6}.Release|Any CPU.Build.0 = Release|Any CPU
		{027EF5D8-88F2-4A14-95E7-0D90E3D7801B}.Debug|Any CPU.ActiveCfg = Debug|Any CPU
		{027EF5D8-88F2-4A14-95E7-0D90E3D7801B}.Debug|Any CPU.Build.0 = Debug|Any CPU
		{027EF5D8-88F2-4A14-95E7-0D90E3D7801B}.Release|Any CPU.ActiveCfg = Release|Any CPU
		{027EF5D8-88F2-4A14-95E7-0D90E3D7801B}.Release|Any CPU.Build.0 = Release|Any CPU
	EndGlobalSection
	GlobalSection(SolutionProperties) = preSolution
		HideSolutionNode = FALSE
	EndGlobalSection
	GlobalSection(ExtensibilityGlobals) = postSolution
		SolutionGuid = {DE9500A2-7DDD-424F-B20A-692E147CF7AC}
	EndGlobalSection
EndGlobal
