
Microsoft Visual Studio Solution File, Format Version 12.00
# Visual Studio Version 16
VisualStudioVersion = 16.0.29905.134
MinimumVisualStudioVersion = 10.0.40219.1
Project("{FAE04EC0-301F-11D3-BF4B-00C04F79EFBC}") = "conditionalStatementExersise", "conditionalStatementExersise\conditionalStatementExersise.csproj", "{A383CC27-3536-4D3D-8337-675D62EB1329}"
EndProject
Global
	GlobalSection(SolutionConfigurationPlatforms) = preSolution
		Debug|Any CPU = Debug|Any CPU
		Release|Any CPU = Release|Any CPU
	EndGlobalSection
	GlobalSection(ProjectConfigurationPlatforms) = postSolution
		{A383CC27-3536-4D3D-8337-675D62EB1329}.Debug|Any CPU.ActiveCfg = Debug|Any CPU
		{A383CC27-3536-4D3D-8337-675D62EB1329}.Debug|Any CPU.Build.0 = Debug|Any CPU
		{A383CC27-3536-4D3D-8337-675D62EB1329}.Release|Any CPU.ActiveCfg = Release|Any CPU
		{A383CC27-3536-4D3D-8337-675D62EB1329}.Release|Any CPU.Build.0 = Release|Any CPU
	EndGlobalSection
	GlobalSection(SolutionProperties) = preSolution
		HideSolutionNode = FALSE
	EndGlobalSection
	GlobalSection(ExtensibilityGlobals) = postSolution
		SolutionGuid = {EC1151F8-91B3-478C-846F-820B039CC70E}
	EndGlobalSection
EndGlobal
