
Microsoft Visual Studio Solution File, Format Version 12.00
# Visual Studio Version 16
VisualStudioVersion = 16.0.30330.147
MinimumVisualStudioVersion = 10.0.40219.1
Project("{FAE04EC0-301F-11D3-BF4B-00C04F79EFBC}") = "Streams", "Streams\Streams.csproj", "{06A347BE-D0A4-4961-85D8-C97728294C29}"
EndProject
Global
	GlobalSection(SolutionConfigurationPlatforms) = preSolution
		Debug|Any CPU = Debug|Any CPU
		Release|Any CPU = Release|Any CPU
	EndGlobalSection
	GlobalSection(ProjectConfigurationPlatforms) = postSolution
		{06A347BE-D0A4-4961-85D8-C97728294C29}.Debug|Any CPU.ActiveCfg = Debug|Any CPU
		{06A347BE-D0A4-4961-85D8-C97728294C29}.Debug|Any CPU.Build.0 = Debug|Any CPU
		{06A347BE-D0A4-4961-85D8-C97728294C29}.Release|Any CPU.ActiveCfg = Release|Any CPU
		{06A347BE-D0A4-4961-85D8-C97728294C29}.Release|Any CPU.Build.0 = Release|Any CPU
	EndGlobalSection
	GlobalSection(SolutionProperties) = preSolution
		HideSolutionNode = FALSE
	EndGlobalSection
	GlobalSection(ExtensibilityGlobals) = postSolution
		SolutionGuid = {06484805-1547-4015-A105-CD5D279457EE}
	EndGlobalSection
EndGlobal
