
Microsoft Visual Studio Solution File, Format Version 12.00
# Visual Studio Version 16
VisualStudioVersion = 16.0.30011.22
MinimumVisualStudioVersion = 10.0.40219.1
Project("{FAE04EC0-301F-11D3-BF4B-00C04F79EFBC}") = "Lists", "Lists.csproj", "{077AE9DB-3617-49D3-A09E-2E8CC006D8C5}"
EndProject
Global
	GlobalSection(SolutionConfigurationPlatforms) = preSolution
		Debug|Any CPU = Debug|Any CPU
		Release|Any CPU = Release|Any CPU
	EndGlobalSection
	GlobalSection(ProjectConfigurationPlatforms) = postSolution
		{077AE9DB-3617-49D3-A09E-2E8CC006D8C5}.Debug|Any CPU.ActiveCfg = Debug|Any CPU
		{077AE9DB-3617-49D3-A09E-2E8CC006D8C5}.Debug|Any CPU.Build.0 = Debug|Any CPU
		{077AE9DB-3617-49D3-A09E-2E8CC006D8C5}.Release|Any CPU.ActiveCfg = Release|Any CPU
		{077AE9DB-3617-49D3-A09E-2E8CC006D8C5}.Release|Any CPU.Build.0 = Release|Any CPU
	EndGlobalSection
	GlobalSection(SolutionProperties) = preSolution
		HideSolutionNode = FALSE
	EndGlobalSection
	GlobalSection(ExtensibilityGlobals) = postSolution
		SolutionGuid = {F7AB1209-65F1-45B8-99CC-314FC9042005}
	EndGlobalSection
EndGlobal
