
Microsoft Visual Studio Solution File, Format Version 12.00
# Visual Studio Version 16
VisualStudioVersion = 16.0.29728.190
MinimumVisualStudioVersion = 10.0.40219.1
Project("{9A19103F-16F7-4668-BE54-9A1E7A4F7556}") = "Hello softuni", "Hello softuni\Hello softuni.csproj", "{58F1B8EE-D458-43AC-A341-09F754967424}"
EndProject
Project("{9A19103F-16F7-4668-BE54-9A1E7A4F7556}") = "Expression", "Expression\Expression.csproj", "{0C1810AC-7247-4499-9535-1DADC9913F9C}"
EndProject
Project("{9A19103F-16F7-4668-BE54-9A1E7A4F7556}") = "Num 1 to 10", "Num 1 to 10\Num 1 to 10.csproj", "{79B39300-371E-4897-B7E4-A23C40D99E9C}"
EndProject
Project("{9A19103F-16F7-4668-BE54-9A1E7A4F7556}") = "Rectangle area", "Rectangle area\Rectangle area.csproj", "{6B4478C5-72B9-47E9-A6F7-1240F4FDA5FE}"
EndProject
Project("{FAE04EC0-301F-11D3-BF4B-00C04F79EFBC}") = "calculations1", "calculations1\calculations1.csproj", "{9F14A2FC-AF5A-4777-A5AC-E6891AFE79D4}"
EndProject
Global
	GlobalSection(SolutionConfigurationPlatforms) = preSolution
		Debug|Any CPU = Debug|Any CPU
		Release|Any CPU = Release|Any CPU
	EndGlobalSection
	GlobalSection(ProjectConfigurationPlatforms) = postSolution
		{58F1B8EE-D458-43AC-A341-09F754967424}.Debug|Any CPU.ActiveCfg = Debug|Any CPU
		{58F1B8EE-D458-43AC-A341-09F754967424}.Debug|Any CPU.Build.0 = Debug|Any CPU
		{58F1B8EE-D458-43AC-A341-09F754967424}.Release|Any CPU.ActiveCfg = Release|Any CPU
		{58F1B8EE-D458-43AC-A341-09F754967424}.Release|Any CPU.Build.0 = Release|Any CPU
		{0C1810AC-7247-4499-9535-1DADC9913F9C}.Debug|Any CPU.ActiveCfg = Debug|Any CPU
		{0C1810AC-7247-4499-9535-1DADC9913F9C}.Debug|Any CPU.Build.0 = Debug|Any CPU
		{0C1810AC-7247-4499-9535-1DADC9913F9C}.Release|Any CPU.ActiveCfg = Release|Any CPU
		{0C1810AC-7247-4499-9535-1DADC9913F9C}.Release|Any CPU.Build.0 = Release|Any CPU
		{79B39300-371E-4897-B7E4-A23C40D99E9C}.Debug|Any CPU.ActiveCfg = Debug|Any CPU
		{79B39300-371E-4897-B7E4-A23C40D99E9C}.Debug|Any CPU.Build.0 = Debug|Any CPU
		{79B39300-371E-4897-B7E4-A23C40D99E9C}.Release|Any CPU.ActiveCfg = Release|Any CPU
		{79B39300-371E-4897-B7E4-A23C40D99E9C}.Release|Any CPU.Build.0 = Release|Any CPU
		{6B4478C5-72B9-47E9-A6F7-1240F4FDA5FE}.Debug|Any CPU.ActiveCfg = Debug|Any CPU
		{6B4478C5-72B9-47E9-A6F7-1240F4FDA5FE}.Debug|Any CPU.Build.0 = Debug|Any CPU
		{6B4478C5-72B9-47E9-A6F7-1240F4FDA5FE}.Release|Any CPU.ActiveCfg = Release|Any CPU
		{6B4478C5-72B9-47E9-A6F7-1240F4FDA5FE}.Release|Any CPU.Build.0 = Release|Any CPU
		{9F14A2FC-AF5A-4777-A5AC-E6891AFE79D4}.Debug|Any CPU.ActiveCfg = Debug|Any CPU
		{9F14A2FC-AF5A-4777-A5AC-E6891AFE79D4}.Debug|Any CPU.Build.0 = Debug|Any CPU
		{9F14A2FC-AF5A-4777-A5AC-E6891AFE79D4}.Release|Any CPU.ActiveCfg = Release|Any CPU
		{9F14A2FC-AF5A-4777-A5AC-E6891AFE79D4}.Release|Any CPU.Build.0 = Release|Any CPU
	EndGlobalSection
	GlobalSection(SolutionProperties) = preSolution
		HideSolutionNode = FALSE
	EndGlobalSection
	GlobalSection(ExtensibilityGlobals) = postSolution
		SolutionGuid = {807C9E88-5423-4124-B952-B0703C8E51B7}
	EndGlobalSection
EndGlobal
