
Microsoft Visual Studio Solution File, Format Version 12.00
# Visual Studio Version 16
VisualStudioVersion = 16.0.30011.22
MinimumVisualStudioVersion = 10.0.40219.1
Project("{9A19103F-16F7-4668-BE54-9A1E7A4F7556}") = "NestedLoop", "NestedLoop\NestedLoop.csproj", "{125DA9BB-F528-4789-8338-B9F2F61ABB61}"
EndProject
Project("{9A19103F-16F7-4668-BE54-9A1E7A4F7556}") = "clock", "clock\clock.csproj", "{B72A1C5A-1878-4467-AE32-185E64CF0CEF}"
EndProject
Project("{FAE04EC0-301F-11D3-BF4B-00C04F79EFBC}") = "MultiplicationTable", "MultiplicationTable\MultiplicationTable.csproj", "{88505A88-8436-44EA-8FD1-73E2CAED45E1}"
EndProject
Project("{FAE04EC0-301F-11D3-BF4B-00C04F79EFBC}") = "Combinations", "Combinations\Combinations.csproj", "{752F03DA-67E3-4273-910D-843B1A3338F8}"
EndProject
Global
	GlobalSection(SolutionConfigurationPlatforms) = preSolution
		Debug|Any CPU = Debug|Any CPU
		Release|Any CPU = Release|Any CPU
	EndGlobalSection
	GlobalSection(ProjectConfigurationPlatforms) = postSolution
		{125DA9BB-F528-4789-8338-B9F2F61ABB61}.Debug|Any CPU.ActiveCfg = Debug|Any CPU
		{125DA9BB-F528-4789-8338-B9F2F61ABB61}.Debug|Any CPU.Build.0 = Debug|Any CPU
		{125DA9BB-F528-4789-8338-B9F2F61ABB61}.Release|Any CPU.ActiveCfg = Release|Any CPU
		{125DA9BB-F528-4789-8338-B9F2F61ABB61}.Release|Any CPU.Build.0 = Release|Any CPU
		{B72A1C5A-1878-4467-AE32-185E64CF0CEF}.Debug|Any CPU.ActiveCfg = Debug|Any CPU
		{B72A1C5A-1878-4467-AE32-185E64CF0CEF}.Debug|Any CPU.Build.0 = Debug|Any CPU
		{B72A1C5A-1878-4467-AE32-185E64CF0CEF}.Release|Any CPU.ActiveCfg = Release|Any CPU
		{B72A1C5A-1878-4467-AE32-185E64CF0CEF}.Release|Any CPU.Build.0 = Release|Any CPU
		{88505A88-8436-44EA-8FD1-73E2CAED45E1}.Debug|Any CPU.ActiveCfg = Debug|Any CPU
		{88505A88-8436-44EA-8FD1-73E2CAED45E1}.Debug|Any CPU.Build.0 = Debug|Any CPU
		{88505A88-8436-44EA-8FD1-73E2CAED45E1}.Release|Any CPU.ActiveCfg = Release|Any CPU
		{88505A88-8436-44EA-8FD1-73E2CAED45E1}.Release|Any CPU.Build.0 = Release|Any CPU
		{752F03DA-67E3-4273-910D-843B1A3338F8}.Debug|Any CPU.ActiveCfg = Debug|Any CPU
		{752F03DA-67E3-4273-910D-843B1A3338F8}.Debug|Any CPU.Build.0 = Debug|Any CPU
		{752F03DA-67E3-4273-910D-843B1A3338F8}.Release|Any CPU.ActiveCfg = Release|Any CPU
		{752F03DA-67E3-4273-910D-843B1A3338F8}.Release|Any CPU.Build.0 = Release|Any CPU
	EndGlobalSection
	GlobalSection(SolutionProperties) = preSolution
		HideSolutionNode = FALSE
	EndGlobalSection
	GlobalSection(ExtensibilityGlobals) = postSolution
		SolutionGuid = {8FC114BD-4F86-45BD-AE15-648B690A2E2B}
	EndGlobalSection
EndGlobal
