
Microsoft Visual Studio Solution File, Format Version 12.00
# Visual Studio Version 16
VisualStudioVersion = 16.0.30204.135
MinimumVisualStudioVersion = 10.0.40219.1
Project("{FAE04EC0-301F-11D3-BF4B-00C04F79EFBC}") = "TEST", "TEST.csproj", "{58231E74-E685-40A0-BCE3-A3DCCF13B350}"
EndProject
Global
	GlobalSection(SolutionConfigurationPlatforms) = preSolution
		Debug|Any CPU = Debug|Any CPU
		Release|Any CPU = Release|Any CPU
	EndGlobalSection
	GlobalSection(ProjectConfigurationPlatforms) = postSolution
		{58231E74-E685-40A0-BCE3-A3DCCF13B350}.Debug|Any CPU.ActiveCfg = Debug|Any CPU
		{58231E74-E685-40A0-BCE3-A3DCCF13B350}.Debug|Any CPU.Build.0 = Debug|Any CPU
		{58231E74-E685-40A0-BCE3-A3DCCF13B350}.Release|Any CPU.ActiveCfg = Release|Any CPU
		{58231E74-E685-40A0-BCE3-A3DCCF13B350}.Release|Any CPU.Build.0 = Release|Any CPU
	EndGlobalSection
	GlobalSection(SolutionProperties) = preSolution
		HideSolutionNode = FALSE
	EndGlobalSection
	GlobalSection(ExtensibilityGlobals) = postSolution
		SolutionGuid = {DC32CDF6-F67D-403A-BDD3-24F0BBD99FDC}
	EndGlobalSection
EndGlobal
